
Microsoft Visual Studio Solution File, Format Version 12.00
# Visual Studio Version 17
VisualStudioVersion = 17.7.34031.279
MinimumVisualStudioVersion = 10.0.40219.1
Project("{FAE04EC0-301F-11D3-BF4B-00C04F79EFBC}") = "Button round corner", "Button round corner\Button round corner.csproj", "{4EB81BA8-197B-4EAA-A2F0-6A27D950682C}"
EndProject
Global
	GlobalSection(SolutionConfigurationPlatforms) = preSolution
		Debug|Any CPU = Debug|Any CPU
		Release|Any CPU = Release|Any CPU
	EndGlobalSection
	GlobalSection(ProjectConfigurationPlatforms) = postSolution
		{4EB81BA8-197B-4EAA-A2F0-6A27D950682C}.Debug|Any CPU.ActiveCfg = Debug|Any CPU
		{4EB81BA8-197B-4EAA-A2F0-6A27D950682C}.Debug|Any CPU.Build.0 = Debug|Any CPU
		{4EB81BA8-197B-4EAA-A2F0-6A27D950682C}.Release|Any CPU.ActiveCfg = Release|Any CPU
		{4EB81BA8-197B-4EAA-A2F0-6A27D950682C}.Release|Any CPU.Build.0 = Release|Any CPU
	EndGlobalSection
	GlobalSection(SolutionProperties) = preSolution
		HideSolutionNode = FALSE
	EndGlobalSection
	GlobalSection(ExtensibilityGlobals) = postSolution
		SolutionGuid = {F088F324-8831-4AEB-9487-9A5BBAFBC2D9}
	EndGlobalSection
EndGlobal
